
Microsoft Visual Studio Solution File, Format Version 12.00
# Visual Studio 15
VisualStudioVersion = 15.0.28307.902
MinimumVisualStudioVersion = 10.0.40219.1
Project("{FAE04EC0-301F-11D3-BF4B-00C04F79EFBC}") = "DataAccess", "DataAccess\DataAccess.csproj", "{0EA8E73D-B2E8-4A35-AAC7-8B991D127011}"
EndProject
Project("{FAE04EC0-301F-11D3-BF4B-00C04F79EFBC}") = "Business", "Business\Business.csproj", "{9741278C-9E5E-4E33-B438-F541C2D40219}"
EndProject
Project("{FAE04EC0-301F-11D3-BF4B-00C04F79EFBC}") = "Entities", "Entities\Entities.csproj", "{F2EBFBF4-DD4F-4E59-A91B-BFBA57FC3D92}"
EndProject
Project("{FAE04EC0-301F-11D3-BF4B-00C04F79EFBC}") = "ConsoleUI", "ConsoleUI\ConsoleUI.csproj", "{B1279597-0C8D-4C4B-99E1-AB243046B5A1}"
EndProject
Global
	GlobalSection(SolutionConfigurationPlatforms) = preSolution
		Debug|Any CPU = Debug|Any CPU
		Release|Any CPU = Release|Any CPU
	EndGlobalSection
	GlobalSection(ProjectConfigurationPlatforms) = postSolution
		{0EA8E73D-B2E8-4A35-AAC7-8B991D127011}.Debug|Any CPU.ActiveCfg = Debug|Any CPU
		{0EA8E73D-B2E8-4A35-AAC7-8B991D127011}.Debug|Any CPU.Build.0 = Debug|Any CPU
		{0EA8E73D-B2E8-4A35-AAC7-8B991D127011}.Release|Any CPU.ActiveCfg = Release|Any CPU
		{0EA8E73D-B2E8-4A35-AAC7-8B991D127011}.Release|Any CPU.Build.0 = Release|Any CPU
		{9741278C-9E5E-4E33-B438-F541C2D40219}.Debug|Any CPU.ActiveCfg = Debug|Any CPU
		{9741278C-9E5E-4E33-B438-F541C2D40219}.Debug|Any CPU.Build.0 = Debug|Any CPU
		{9741278C-9E5E-4E33-B438-F541C2D40219}.Release|Any CPU.ActiveCfg = Release|Any CPU
		{9741278C-9E5E-4E33-B438-F541C2D40219}.Release|Any CPU.Build.0 = Release|Any CPU
		{F2EBFBF4-DD4F-4E59-A91B-BFBA57FC3D92}.Debug|Any CPU.ActiveCfg = Debug|Any CPU
		{F2EBFBF4-DD4F-4E59-A91B-BFBA57FC3D92}.Debug|Any CPU.Build.0 = Debug|Any CPU
		{F2EBFBF4-DD4F-4E59-A91B-BFBA57FC3D92}.Release|Any CPU.ActiveCfg = Release|Any CPU
		{F2EBFBF4-DD4F-4E59-A91B-BFBA57FC3D92}.Release|Any CPU.Build.0 = Release|Any CPU
		{B1279597-0C8D-4C4B-99E1-AB243046B5A1}.Debug|Any CPU.ActiveCfg = Debug|Any CPU
		{B1279597-0C8D-4C4B-99E1-AB243046B5A1}.Debug|Any CPU.Build.0 = Debug|Any CPU
		{B1279597-0C8D-4C4B-99E1-AB243046B5A1}.Release|Any CPU.ActiveCfg = Release|Any CPU
		{B1279597-0C8D-4C4B-99E1-AB243046B5A1}.Release|Any CPU.Build.0 = Release|Any CPU
	EndGlobalSection
	GlobalSection(SolutionProperties) = preSolution
		HideSolutionNode = FALSE
	EndGlobalSection
	GlobalSection(ExtensibilityGlobals) = postSolution
		SolutionGuid = {D5BBF0C5-48F4-48D5-A209-A1EC17288200}
	EndGlobalSection
EndGlobal
