
Microsoft Visual Studio Solution File, Format Version 12.00
# Visual Studio Version 16
VisualStudioVersion = 16.0.31005.135
MinimumVisualStudioVersion = 10.0.40219.1
Project("{9A19103F-16F7-4668-BE54-9A1E7A4F7556}") = "DataAccess", "DataAccess\DataAccess.csproj", "{0EA8E73D-B2E8-4A35-AAC7-8B991D127011}"
EndProject
Project("{9A19103F-16F7-4668-BE54-9A1E7A4F7556}") = "Business", "Business\Business.csproj", "{9741278C-9E5E-4E33-B438-F541C2D40219}"
EndProject
Project("{9A19103F-16F7-4668-BE54-9A1E7A4F7556}") = "Entities", "Entities\Entities.csproj", "{F2EBFBF4-DD4F-4E59-A91B-BFBA57FC3D92}"
EndProject
Project("{9A19103F-16F7-4668-BE54-9A1E7A4F7556}") = "ConsoleUI", "ConsoleUI\ConsoleUI.csproj", "{B1279597-0C8D-4C4B-99E1-AB243046B5A1}"
EndProject
Project("{9A19103F-16F7-4668-BE54-9A1E7A4F7556}") = "Core", "Core\Core.csproj", "{5ABCEFD8-2FC5-42E2-8390-A1B02CA4BFB0}"
EndProject
Project("{FAE04EC0-301F-11D3-BF4B-00C04F79EFBC}") = "WebAPI", "WebAPI\WebAPI.csproj", "{B7A72F95-8010-4457-8F1B-A1E6523897C9}"
EndProject
Global
	GlobalSection(SolutionConfigurationPlatforms) = preSolution
		Debug|Any CPU = Debug|Any CPU
		Release|Any CPU = Release|Any CPU
	EndGlobalSection
	GlobalSection(ProjectConfigurationPlatforms) = postSolution
		{0EA8E73D-B2E8-4A35-AAC7-8B991D127011}.Debug|Any CPU.ActiveCfg = Debug|Any CPU
		{0EA8E73D-B2E8-4A35-AAC7-8B991D127011}.Debug|Any CPU.Build.0 = Debug|Any CPU
		{0EA8E73D-B2E8-4A35-AAC7-8B991D127011}.Release|Any CPU.ActiveCfg = Release|Any CPU
		{0EA8E73D-B2E8-4A35-AAC7-8B991D127011}.Release|Any CPU.Build.0 = Release|Any CPU
		{9741278C-9E5E-4E33-B438-F541C2D40219}.Debug|Any CPU.ActiveCfg = Debug|Any CPU
		{9741278C-9E5E-4E33-B438-F541C2D40219}.Debug|Any CPU.Build.0 = Debug|Any CPU
		{9741278C-9E5E-4E33-B438-F541C2D40219}.Release|Any CPU.ActiveCfg = Release|Any CPU
		{9741278C-9E5E-4E33-B438-F541C2D40219}.Release|Any CPU.Build.0 = Release|Any CPU
		{F2EBFBF4-DD4F-4E59-A91B-BFBA57FC3D92}.Debug|Any CPU.ActiveCfg = Debug|Any CPU
		{F2EBFBF4-DD4F-4E59-A91B-BFBA57FC3D92}.Debug|Any CPU.Build.0 = Debug|Any CPU
		{F2EBFBF4-DD4F-4E59-A91B-BFBA57FC3D92}.Release|Any CPU.ActiveCfg = Release|Any CPU
		{F2EBFBF4-DD4F-4E59-A91B-BFBA57FC3D92}.Release|Any CPU.Build.0 = Release|Any CPU
		{B1279597-0C8D-4C4B-99E1-AB243046B5A1}.Debug|Any CPU.ActiveCfg = Debug|Any CPU
		{B1279597-0C8D-4C4B-99E1-AB243046B5A1}.Debug|Any CPU.Build.0 = Debug|Any CPU
		{B1279597-0C8D-4C4B-99E1-AB243046B5A1}.Release|Any CPU.ActiveCfg = Release|Any CPU
		{B1279597-0C8D-4C4B-99E1-AB243046B5A1}.Release|Any CPU.Build.0 = Release|Any CPU
		{5ABCEFD8-2FC5-42E2-8390-A1B02CA4BFB0}.Debug|Any CPU.ActiveCfg = Debug|Any CPU
		{5ABCEFD8-2FC5-42E2-8390-A1B02CA4BFB0}.Debug|Any CPU.Build.0 = Debug|Any CPU
		{5ABCEFD8-2FC5-42E2-8390-A1B02CA4BFB0}.Release|Any CPU.ActiveCfg = Release|Any CPU
		{5ABCEFD8-2FC5-42E2-8390-A1B02CA4BFB0}.Release|Any CPU.Build.0 = Release|Any CPU
		{B7A72F95-8010-4457-8F1B-A1E6523897C9}.Debug|Any CPU.ActiveCfg = Debug|Any CPU
		{B7A72F95-8010-4457-8F1B-A1E6523897C9}.Debug|Any CPU.Build.0 = Debug|Any CPU
		{B7A72F95-8010-4457-8F1B-A1E6523897C9}.Release|Any CPU.ActiveCfg = Release|Any CPU
		{B7A72F95-8010-4457-8F1B-A1E6523897C9}.Release|Any CPU.Build.0 = Release|Any CPU
	EndGlobalSection
	GlobalSection(SolutionProperties) = preSolution
		HideSolutionNode = FALSE
	EndGlobalSection
	GlobalSection(ExtensibilityGlobals) = postSolution
		SolutionGuid = {D5BBF0C5-48F4-48D5-A209-A1EC17288200}
	EndGlobalSection
EndGlobal
